
Microsoft Visual Studio Solution File, Format Version 12.00
# Visual Studio Version 17
VisualStudioVersion = 17.4.33205.214
MinimumVisualStudioVersion = 10.0.40219.1
Project("{9A19103F-16F7-4668-BE54-9A1E7A4F7556}") = "Host", "Host\Host.csproj", "{A093BDEE-B804-4F66-B9B5-14A8328979DB}"
EndProject
Project("{FAE04EC0-301F-11D3-BF4B-00C04F79EFBC}") = "Taos", "Taos\Taos.csproj", "{23F163CC-D04D-4030-92A2-EE75A57B2972}"
EndProject
Project("{FAE04EC0-301F-11D3-BF4B-00C04F79EFBC}") = "Core", "Core\Core.csproj", "{627023DE-6A46-40E2-9F38-3DA0287353CB}"
EndProject
Global
	GlobalSection(SolutionConfigurationPlatforms) = preSolution
		Debug|Any CPU = Debug|Any CPU
		Release|Any CPU = Release|Any CPU
	EndGlobalSection
	GlobalSection(ProjectConfigurationPlatforms) = postSolution
		{A093BDEE-B804-4F66-B9B5-14A8328979DB}.Debug|Any CPU.ActiveCfg = Debug|Any CPU
		{A093BDEE-B804-4F66-B9B5-14A8328979DB}.Debug|Any CPU.Build.0 = Debug|Any CPU
		{A093BDEE-B804-4F66-B9B5-14A8328979DB}.Release|Any CPU.ActiveCfg = Release|Any CPU
		{A093BDEE-B804-4F66-B9B5-14A8328979DB}.Release|Any CPU.Build.0 = Release|Any CPU
		{23F163CC-D04D-4030-92A2-EE75A57B2972}.Debug|Any CPU.ActiveCfg = Debug|Any CPU
		{23F163CC-D04D-4030-92A2-EE75A57B2972}.Debug|Any CPU.Build.0 = Debug|Any CPU
		{23F163CC-D04D-4030-92A2-EE75A57B2972}.Release|Any CPU.ActiveCfg = Release|Any CPU
		{23F163CC-D04D-4030-92A2-EE75A57B2972}.Release|Any CPU.Build.0 = Release|Any CPU
		{627023DE-6A46-40E2-9F38-3DA0287353CB}.Debug|Any CPU.ActiveCfg = Debug|Any CPU
		{627023DE-6A46-40E2-9F38-3DA0287353CB}.Debug|Any CPU.Build.0 = Debug|Any CPU
		{627023DE-6A46-40E2-9F38-3DA0287353CB}.Release|Any CPU.ActiveCfg = Release|Any CPU
		{627023DE-6A46-40E2-9F38-3DA0287353CB}.Release|Any CPU.Build.0 = Release|Any CPU
	EndGlobalSection
	GlobalSection(SolutionProperties) = preSolution
		HideSolutionNode = FALSE
	EndGlobalSection
	GlobalSection(ExtensibilityGlobals) = postSolution
		SolutionGuid = {81F5D88E-77D9-4185-9E34-1D7CF23D407E}
	EndGlobalSection
EndGlobal
